
Microsoft Visual Studio Solution File, Format Version 12.00
# Visual Studio 2012
Project("{FAE04EC0-301F-11D3-BF4B-00C04F79EFBC}") = "Series.TorrentProviders", "src\Series.TorrentProviders\Series.TorrentProviders.csproj", "{7EADD1EB-9060-45FB-AB6F-6E3ADC9185C9}"
EndProject
Project("{FAE04EC0-301F-11D3-BF4B-00C04F79EFBC}") = "Series.Website", "src\Series.Website\Series.Website.csproj", "{C4050CD1-BEF8-4F60-97CD-0D259FDCC3DF}"
EndProject
Project("{FAE04EC0-301F-11D3-BF4B-00C04F79EFBC}") = "Series.Core", "src\Series.Core\Series.Core.csproj", "{9D80BF5E-C1C9-4A6B-BCAA-EED049CC18B1}"
EndProject
Project("{2150E333-8FDC-42A3-9474-1A3956D46DE8}") = "02_Tests", "02_Tests", "{3D8EB344-1971-4D09-A52F-C6F80A38C343}"
EndProject
Project("{FAE04EC0-301F-11D3-BF4B-00C04F79EFBC}") = "Series.TorrentProviders.Tests", "tests\Series.TorrentProviders.Tests\Series.TorrentProviders.Tests.csproj", "{D5F84962-B6AD-49EB-A911-D1D469BE2ED6}"
EndProject
Project("{FAE04EC0-301F-11D3-BF4B-00C04F79EFBC}") = "Series.Core.Tests", "tests\Series.Core.Tests\Series.Core.Tests.csproj", "{DA2A6E5D-6CEB-478D-A39C-1BE55D14E46C}"
EndProject
Global
	GlobalSection(SolutionConfigurationPlatforms) = preSolution
		Debug|Any CPU = Debug|Any CPU
		Release|Any CPU = Release|Any CPU
	EndGlobalSection
	GlobalSection(ProjectConfigurationPlatforms) = postSolution
		{7EADD1EB-9060-45FB-AB6F-6E3ADC9185C9}.Debug|Any CPU.ActiveCfg = Debug|Any CPU
		{7EADD1EB-9060-45FB-AB6F-6E3ADC9185C9}.Debug|Any CPU.Build.0 = Debug|Any CPU
		{7EADD1EB-9060-45FB-AB6F-6E3ADC9185C9}.Release|Any CPU.ActiveCfg = Release|Any CPU
		{7EADD1EB-9060-45FB-AB6F-6E3ADC9185C9}.Release|Any CPU.Build.0 = Release|Any CPU
		{C4050CD1-BEF8-4F60-97CD-0D259FDCC3DF}.Debug|Any CPU.ActiveCfg = Debug|Any CPU
		{C4050CD1-BEF8-4F60-97CD-0D259FDCC3DF}.Debug|Any CPU.Build.0 = Debug|Any CPU
		{C4050CD1-BEF8-4F60-97CD-0D259FDCC3DF}.Release|Any CPU.ActiveCfg = Release|Any CPU
		{C4050CD1-BEF8-4F60-97CD-0D259FDCC3DF}.Release|Any CPU.Build.0 = Release|Any CPU
		{9D80BF5E-C1C9-4A6B-BCAA-EED049CC18B1}.Debug|Any CPU.ActiveCfg = Debug|Any CPU
		{9D80BF5E-C1C9-4A6B-BCAA-EED049CC18B1}.Debug|Any CPU.Build.0 = Debug|Any CPU
		{9D80BF5E-C1C9-4A6B-BCAA-EED049CC18B1}.Release|Any CPU.ActiveCfg = Release|Any CPU
		{9D80BF5E-C1C9-4A6B-BCAA-EED049CC18B1}.Release|Any CPU.Build.0 = Release|Any CPU
		{D5F84962-B6AD-49EB-A911-D1D469BE2ED6}.Debug|Any CPU.ActiveCfg = Debug|Any CPU
		{D5F84962-B6AD-49EB-A911-D1D469BE2ED6}.Debug|Any CPU.Build.0 = Debug|Any CPU
		{D5F84962-B6AD-49EB-A911-D1D469BE2ED6}.Release|Any CPU.ActiveCfg = Release|Any CPU
		{D5F84962-B6AD-49EB-A911-D1D469BE2ED6}.Release|Any CPU.Build.0 = Release|Any CPU
		{DA2A6E5D-6CEB-478D-A39C-1BE55D14E46C}.Debug|Any CPU.ActiveCfg = Debug|Any CPU
		{DA2A6E5D-6CEB-478D-A39C-1BE55D14E46C}.Debug|Any CPU.Build.0 = Debug|Any CPU
		{DA2A6E5D-6CEB-478D-A39C-1BE55D14E46C}.Release|Any CPU.ActiveCfg = Release|Any CPU
		{DA2A6E5D-6CEB-478D-A39C-1BE55D14E46C}.Release|Any CPU.Build.0 = Release|Any CPU
	EndGlobalSection
	GlobalSection(SolutionProperties) = preSolution
		HideSolutionNode = FALSE
	EndGlobalSection
	GlobalSection(NestedProjects) = preSolution
		{D5F84962-B6AD-49EB-A911-D1D469BE2ED6} = {3D8EB344-1971-4D09-A52F-C6F80A38C343}
		{DA2A6E5D-6CEB-478D-A39C-1BE55D14E46C} = {3D8EB344-1971-4D09-A52F-C6F80A38C343}
	EndGlobalSection
EndGlobal
